
Microsoft Visual Studio Solution File, Format Version 12.00
# Visual Studio Version 16
VisualStudioVersion = 16.0.30104.148
MinimumVisualStudioVersion = 10.0.40219.1
Project("{8BC9CEB8-8B4A-11D0-8D11-00A0C91BC942}") = "TestLabo", "TestLabo\TestLabo.vcxproj", "{3F5B93BA-DF65-4F86-BC63-A84E4654C564}"
EndProject
Global
	GlobalSection(SolutionConfigurationPlatforms) = preSolution
		Debug|x64 = Debug|x64
		Debug|x86 = Debug|x86
		Release|x64 = Release|x64
		Release|x86 = Release|x86
	EndGlobalSection
	GlobalSection(ProjectConfigurationPlatforms) = postSolution
		{3F5B93BA-DF65-4F86-BC63-A84E4654C564}.Debug|x64.ActiveCfg = Debug|x64
		{3F5B93BA-DF65-4F86-BC63-A84E4654C564}.Debug|x64.Build.0 = Debug|x64
		{3F5B93BA-DF65-4F86-BC63-A84E4654C564}.Debug|x86.ActiveCfg = Debug|Win32
		{3F5B93BA-DF65-4F86-BC63-A84E4654C564}.Debug|x86.Build.0 = Debug|Win32
		{3F5B93BA-DF65-4F86-BC63-A84E4654C564}.Release|x64.ActiveCfg = Release|x64
		{3F5B93BA-DF65-4F86-BC63-A84E4654C564}.Release|x64.Build.0 = Release|x64
		{3F5B93BA-DF65-4F86-BC63-A84E4654C564}.Release|x86.ActiveCfg = Release|Win32
		{3F5B93BA-DF65-4F86-BC63-A84E4654C564}.Release|x86.Build.0 = Release|Win32
	EndGlobalSection
	GlobalSection(SolutionProperties) = preSolution
		HideSolutionNode = FALSE
	EndGlobalSection
	GlobalSection(ExtensibilityGlobals) = postSolution
		SolutionGuid = {85E1A975-752A-4D13-B284-DE10602978CB}
	EndGlobalSection
EndGlobal
